
Microsoft Visual Studio Solution File, Format Version 12.00
# Visual Studio Version 16
VisualStudioVersion = 16.0.29613.14
MinimumVisualStudioVersion = 10.0.40219.1
Project("{CC5FD16D-436D-48AD-A40C-5A424C6E3E79}") = "Queues", "Queues\Queues.ccproj", "{B907E87F-E554-4092-BD9D-EBEE29FE74E8}"
EndProject
Project("{FAE04EC0-301F-11D3-BF4B-00C04F79EFBC}") = "Queue", "Queue\Queue.csproj", "{76768B9D-111F-423E-AD94-C776C7A4EA30}"
EndProject
Project("{FAE04EC0-301F-11D3-BF4B-00C04F79EFBC}") = "WorkerRole", "WorkerRole\WorkerRole.csproj", "{078989B7-7FA0-4B78-91BE-27F62994B664}"
EndProject
Global
	GlobalSection(SolutionConfigurationPlatforms) = preSolution
		Debug|Any CPU = Debug|Any CPU
		Release|Any CPU = Release|Any CPU
	EndGlobalSection
	GlobalSection(ProjectConfigurationPlatforms) = postSolution
		{B907E87F-E554-4092-BD9D-EBEE29FE74E8}.Debug|Any CPU.ActiveCfg = Debug|Any CPU
		{B907E87F-E554-4092-BD9D-EBEE29FE74E8}.Debug|Any CPU.Build.0 = Debug|Any CPU
		{B907E87F-E554-4092-BD9D-EBEE29FE74E8}.Release|Any CPU.ActiveCfg = Release|Any CPU
		{B907E87F-E554-4092-BD9D-EBEE29FE74E8}.Release|Any CPU.Build.0 = Release|Any CPU
		{76768B9D-111F-423E-AD94-C776C7A4EA30}.Debug|Any CPU.ActiveCfg = Debug|Any CPU
		{76768B9D-111F-423E-AD94-C776C7A4EA30}.Debug|Any CPU.Build.0 = Debug|Any CPU
		{76768B9D-111F-423E-AD94-C776C7A4EA30}.Release|Any CPU.ActiveCfg = Release|Any CPU
		{76768B9D-111F-423E-AD94-C776C7A4EA30}.Release|Any CPU.Build.0 = Release|Any CPU
		{078989B7-7FA0-4B78-91BE-27F62994B664}.Debug|Any CPU.ActiveCfg = Debug|Any CPU
		{078989B7-7FA0-4B78-91BE-27F62994B664}.Debug|Any CPU.Build.0 = Debug|Any CPU
		{078989B7-7FA0-4B78-91BE-27F62994B664}.Release|Any CPU.ActiveCfg = Release|Any CPU
		{078989B7-7FA0-4B78-91BE-27F62994B664}.Release|Any CPU.Build.0 = Release|Any CPU
	EndGlobalSection
	GlobalSection(SolutionProperties) = preSolution
		HideSolutionNode = FALSE
	EndGlobalSection
	GlobalSection(ExtensibilityGlobals) = postSolution
		SolutionGuid = {584A0B50-F7CA-4685-82DA-530BB093E985}
	EndGlobalSection
EndGlobal
